
Microsoft Visual Studio Solution File, Format Version 12.00
# Visual Studio 15
VisualStudioVersion = 15.0.28307.1585
MinimumVisualStudioVersion = 10.0.40219.1
Project("{8BC9CEB8-8B4A-11D0-8D11-00A0C91BC942}") = "VmWareApp", "VmWareApp\VmWareApp.vcxproj", "{99A02608-06DE-4D2E-B186-917B3FF86F91}"
EndProject
Global
	GlobalSection(SolutionConfigurationPlatforms) = preSolution
		Debug|ARM = Debug|ARM
		Debug|ARM64 = Debug|ARM64
		Debug|x64 = Debug|x64
		Debug|x86 = Debug|x86
		Release|ARM = Release|ARM
		Release|ARM64 = Release|ARM64
		Release|x64 = Release|x64
		Release|x86 = Release|x86
	EndGlobalSection
	GlobalSection(ProjectConfigurationPlatforms) = postSolution
		{99A02608-06DE-4D2E-B186-917B3FF86F91}.Debug|ARM.ActiveCfg = Debug|Win32
		{99A02608-06DE-4D2E-B186-917B3FF86F91}.Debug|ARM64.ActiveCfg = Debug|Win32
		{99A02608-06DE-4D2E-B186-917B3FF86F91}.Debug|x64.ActiveCfg = Debug|x64
		{99A02608-06DE-4D2E-B186-917B3FF86F91}.Debug|x64.Build.0 = Debug|x64
		{99A02608-06DE-4D2E-B186-917B3FF86F91}.Debug|x86.ActiveCfg = Debug|Win32
		{99A02608-06DE-4D2E-B186-917B3FF86F91}.Debug|x86.Build.0 = Debug|Win32
		{99A02608-06DE-4D2E-B186-917B3FF86F91}.Release|ARM.ActiveCfg = Release|Win32
		{99A02608-06DE-4D2E-B186-917B3FF86F91}.Release|ARM64.ActiveCfg = Release|Win32
		{99A02608-06DE-4D2E-B186-917B3FF86F91}.Release|x64.ActiveCfg = Release|x64
		{99A02608-06DE-4D2E-B186-917B3FF86F91}.Release|x64.Build.0 = Release|x64
		{99A02608-06DE-4D2E-B186-917B3FF86F91}.Release|x86.ActiveCfg = Release|Win32
		{99A02608-06DE-4D2E-B186-917B3FF86F91}.Release|x86.Build.0 = Release|Win32
	EndGlobalSection
	GlobalSection(SolutionProperties) = preSolution
		HideSolutionNode = FALSE
	EndGlobalSection
	GlobalSection(ExtensibilityGlobals) = postSolution
		SolutionGuid = {935102BD-70C5-4D70-9742-0F1C3E787FB6}
	EndGlobalSection
EndGlobal
