Microsoft Visual Studio Solution File, Format Version 12.00
# Visual Studio 15
VisualStudioVersion = 15.0.28307.1585
MinimumVisualStudioVersion = 10.0.40219.1
Project("{8BC9CEB8-8B4A-11D0-8D11-00A0C91BC942}") = "vixDiskLibSample", "vixDiskLibSample.vcxproj", "{67487ACB-837C-40ED-A387-B4E0031C2260}"
EndProject
Global
	GlobalSection(SolutionConfigurationPlatforms) = preSolution
		Debug|x64 = Debug|x64
		Debug|x86 = Debug|x86
		Release|x64 = Release|x64
		Release|x86 = Release|x86
	EndGlobalSection
	GlobalSection(ProjectConfigurationPlatforms) = postSolution
		{67487ACB-837C-40ED-A387-B4E0031C2260}.Debug|x64.ActiveCfg = Debug|x64
		{67487ACB-837C-40ED-A387-B4E0031C2260}.Debug|x64.Build.0 = Debug|x64
		{67487ACB-837C-40ED-A387-B4E0031C2260}.Debug|x86.ActiveCfg = Debug|Win32
		{67487ACB-837C-40ED-A387-B4E0031C2260}.Debug|x86.Build.0 = Debug|Win32
		{67487ACB-837C-40ED-A387-B4E0031C2260}.Release|x64.ActiveCfg = Release|x64
		{67487ACB-837C-40ED-A387-B4E0031C2260}.Release|x64.Build.0 = Release|x64
		{67487ACB-837C-40ED-A387-B4E0031C2260}.Release|x86.ActiveCfg = Release|Win32
		{67487ACB-837C-40ED-A387-B4E0031C2260}.Release|x86.Build.0 = Release|Win32
	EndGlobalSection
	GlobalSection(SolutionProperties) = preSolution
		HideSolutionNode = FALSE
	EndGlobalSection
	GlobalSection(ExtensibilityGlobals) = postSolution
		SolutionGuid = {00E0309D-AB6A-48E9-8DC9-2770B9779AB3}
	EndGlobalSection
	GlobalSection(SolutionConfigurationiPlatforms) = preSolution
		Debug|x64 = Debug|x64 
		Release|x64 = Release|x64 
	EndGlobalSection
EndGlobal
